
Microsoft Visual Studio Solution File, Format Version 12.00
# Visual Studio 15
VisualStudioVersion = 15.0.27428.2002
MinimumVisualStudioVersion = 10.0.40219.1
Project("{FAE04EC0-301F-11D3-BF4B-00C04F79EFBC}") = "RimworldMod1", "RimworldMod1\RimworldMod1.csproj", "{821F7D9D-422B-4E6B-9A7F-121C9EF8A371}"
EndProject
Global
	GlobalSection(SolutionConfigurationPlatforms) = preSolution
		Debug|Any CPU = Debug|Any CPU
		Release|Any CPU = Release|Any CPU
	EndGlobalSection
	GlobalSection(ProjectConfigurationPlatforms) = postSolution
		{821F7D9D-422B-4E6B-9A7F-121C9EF8A371}.Debug|Any CPU.ActiveCfg = Debug|Any CPU
		{821F7D9D-422B-4E6B-9A7F-121C9EF8A371}.Debug|Any CPU.Build.0 = Debug|Any CPU
		{821F7D9D-422B-4E6B-9A7F-121C9EF8A371}.Release|Any CPU.ActiveCfg = Release|Any CPU
		{821F7D9D-422B-4E6B-9A7F-121C9EF8A371}.Release|Any CPU.Build.0 = Release|Any CPU
	EndGlobalSection
	GlobalSection(SolutionProperties) = preSolution
		HideSolutionNode = FALSE
	EndGlobalSection
	GlobalSection(ExtensibilityGlobals) = postSolution
		SolutionGuid = {C65A38AF-7696-4262-AD24-CFE4C5B8A163}
	EndGlobalSection
EndGlobal
